
Microsoft Visual Studio Solution File, Format Version 12.00
# Visual Studio Version 17
VisualStudioVersion = 17.11.35327.3
MinimumVisualStudioVersion = 10.0.40219.1
Project("{FAE04EC0-301F-11D3-BF4B-00C04F79EFBC}") = "CCAD16Demothing", "CCAD16Demothing.csproj", "{4BB1F6B5-6F37-4E51-B945-E51F63E3617B}"
EndProject
Global
	GlobalSection(SolutionConfigurationPlatforms) = preSolution
		Debug|Any CPU = Debug|Any CPU
		Release|Any CPU = Release|Any CPU
	EndGlobalSection
	GlobalSection(ProjectConfigurationPlatforms) = postSolution
		{4BB1F6B5-6F37-4E51-B945-E51F63E3617B}.Debug|Any CPU.ActiveCfg = Debug|Any CPU
		{4BB1F6B5-6F37-4E51-B945-E51F63E3617B}.Debug|Any CPU.Build.0 = Debug|Any CPU
		{4BB1F6B5-6F37-4E51-B945-E51F63E3617B}.Release|Any CPU.ActiveCfg = Release|Any CPU
		{4BB1F6B5-6F37-4E51-B945-E51F63E3617B}.Release|Any CPU.Build.0 = Release|Any CPU
	EndGlobalSection
	GlobalSection(SolutionProperties) = preSolution
		HideSolutionNode = FALSE
	EndGlobalSection
	GlobalSection(ExtensibilityGlobals) = postSolution
		SolutionGuid = {E63CD2E3-C3B7-4940-9A3D-C2E645B82CB9}
	EndGlobalSection
EndGlobal
